
Microsoft Visual Studio Solution File, Format Version 12.00
# Visual Studio 15
VisualStudioVersion = 15.0.28307.329
MinimumVisualStudioVersion = 10.0.40219.1
Project("{FAE04EC0-301F-11D3-BF4B-00C04F79EFBC}") = "WindowsFormsApp1", "WindowsFormsApp1\WindowsFormsApp1.csproj", "{568205AD-6B79-4605-BB03-0CD581236AED}"
EndProject
Global
	GlobalSection(SolutionConfigurationPlatforms) = preSolution
		Debug|Any CPU = Debug|Any CPU
		Release|Any CPU = Release|Any CPU
	EndGlobalSection
	GlobalSection(ProjectConfigurationPlatforms) = postSolution
		{568205AD-6B79-4605-BB03-0CD581236AED}.Debug|Any CPU.ActiveCfg = Debug|Any CPU
		{568205AD-6B79-4605-BB03-0CD581236AED}.Debug|Any CPU.Build.0 = Debug|Any CPU
		{568205AD-6B79-4605-BB03-0CD581236AED}.Release|Any CPU.ActiveCfg = Release|Any CPU
		{568205AD-6B79-4605-BB03-0CD581236AED}.Release|Any CPU.Build.0 = Release|Any CPU
	EndGlobalSection
	GlobalSection(SolutionProperties) = preSolution
		HideSolutionNode = FALSE
	EndGlobalSection
	GlobalSection(ExtensibilityGlobals) = postSolution
		SolutionGuid = {948EA5F9-6A45-4E55-976F-95F00E4BFDAE}
	EndGlobalSection
EndGlobal
